// !$*UTF8*$!
{
	archiveVersion = 1;
	classes = {
	};
	objectVersion = 46;
	objects = {

/* Begin PBXBuildFile section */
		9C0583BD1ADDE38B0048A66D /* not_available.jpg in Resources */ = {isa = PBXBuildFile; fileRef = 9C0583BC1ADDE38B0048A66D /* not_available.jpg */; };
		9C2323201ADEEDB500C763F4 /* ARFSearchResultsViewController.m in Sources */ = {isa = PBXBuildFile; fileRef = 9C23231E1ADEEDB500C763F4 /* ARFSearchResultsViewController.m */; };
		9C2323211ADEEDB500C763F4 /* ARFSearchResultsViewController.xib in Resources */ = {isa = PBXBuildFile; fileRef = 9C23231F1ADEEDB500C763F4 /* ARFSearchResultsViewController.xib */; };
		9C2F0A811B879B8400C5D66A /* ARFLibrary.m in Sources */ = {isa = PBXBuildFile; fileRef = 9C2F0A801B879B8400C5D66A /* ARFLibrary.m */; };
		9C2F0A841B87CD2100C5D66A /* _ARFBookTag.m in Sources */ = {isa = PBXBuildFile; fileRef = 9C2F0A831B87CD2100C5D66A /* _ARFBookTag.m */; };
		9C2F0A871B87CD2900C5D66A /* ARFBookTag.m in Sources */ = {isa = PBXBuildFile; fileRef = 9C2F0A861B87CD2900C5D66A /* ARFBookTag.m */; };
		9C32EA211ADB74E40004F011 /* ARFBookCell.m in Sources */ = {isa = PBXBuildFile; fileRef = 9C32EA1F1ADB74E40004F011 /* ARFBookCell.m */; };
		9C32EA221ADB74E40004F011 /* ARFBookCell.xib in Resources */ = {isa = PBXBuildFile; fileRef = 9C32EA201ADB74E40004F011 /* ARFBookCell.xib */; };
		9C3CF8B51ADF37E700E69E72 /* ARFBooksViewController+SearchBar.m in Sources */ = {isa = PBXBuildFile; fileRef = 9C3CF8B41ADF37E700E69E72 /* ARFBooksViewController+SearchBar.m */; };
		9C3CF8BC1ADF583100E69E72 /* ARFBooksViewController+SearchResults.m in Sources */ = {isa = PBXBuildFile; fileRef = 9C3CF8BB1ADF583100E69E72 /* ARFBooksViewController+SearchResults.m */; };
		9C3CF8C11ADF5C1500E69E72 /* ARFSplashViewController.m in Sources */ = {isa = PBXBuildFile; fileRef = 9C3CF8BF1ADF5C1500E69E72 /* ARFSplashViewController.m */; };
		9C3CF8C21ADF5C1500E69E72 /* ARFSplashViewController.xib in Resources */ = {isa = PBXBuildFile; fileRef = 9C3CF8C01ADF5C1500E69E72 /* ARFSplashViewController.xib */; };
		9C4B5A9A1AE9346F000001B7 /* AGTCoreDataStack.m in Sources */ = {isa = PBXBuildFile; fileRef = 9C4B5A991AE9346F000001B7 /* AGTCoreDataStack.m */; };
		9C4B5AA01AE9391D000001B7 /* ARFCoreDataUtils.m in Sources */ = {isa = PBXBuildFile; fileRef = 9C4B5A9F1AE9391D000001B7 /* ARFCoreDataUtils.m */; };
		9C4B5AA41AE9E5AD000001B7 /* ARFInitialScreen.m in Sources */ = {isa = PBXBuildFile; fileRef = 9C4B5AA31AE9E5AD000001B7 /* ARFInitialScreen.m */; };
		9C4B5AA81AE9EF59000001B7 /* NSString+Category.m in Sources */ = {isa = PBXBuildFile; fileRef = 9C4B5AA71AE9EF59000001B7 /* NSString+Category.m */; };
		9C550B601AED4636000BEDBF /* ARFPdfViewController.m in Sources */ = {isa = PBXBuildFile; fileRef = 9C550B5E1AED4636000BEDBF /* ARFPdfViewController.m */; };
		9C550B611AED4636000BEDBF /* ARFPdfViewController.xib in Resources */ = {isa = PBXBuildFile; fileRef = 9C550B5F1AED4636000BEDBF /* ARFPdfViewController.xib */; };
		9C8813701ADB5F9500AFFD15 /* ARFBookApiClient.m in Sources */ = {isa = PBXBuildFile; fileRef = 9C88136F1ADB5F9500AFFD15 /* ARFBookApiClient.m */; };
		9C8813741ADB613800AFFD15 /* ARFBookParser.m in Sources */ = {isa = PBXBuildFile; fileRef = 9C8813731ADB613800AFFD15 /* ARFBookParser.m */; };
		9C8813781ADB725600AFFD15 /* ARFBaseFetchedResultsController.m in Sources */ = {isa = PBXBuildFile; fileRef = 9C8813771ADB725600AFFD15 /* ARFBaseFetchedResultsController.m */; };
		9C88137E1ADB738000AFFD15 /* ARFBooksViewController.m in Sources */ = {isa = PBXBuildFile; fileRef = 9C88137C1ADB738000AFFD15 /* ARFBooksViewController.m */; };
		9C88137F1ADB738000AFFD15 /* ARFBooksViewController.xib in Resources */ = {isa = PBXBuildFile; fileRef = 9C88137D1ADB738000AFFD15 /* ARFBooksViewController.xib */; };
		9C895DA51ADCC3FC00C0D0EC /* ARFBooksViewController+Utils.m in Sources */ = {isa = PBXBuildFile; fileRef = 9C895DA41ADCC3FC00C0D0EC /* ARFBooksViewController+Utils.m */; };
		9C895DAA1ADCC98100C0D0EC /* ARFPredicates.m in Sources */ = {isa = PBXBuildFile; fileRef = 9C895DA91ADCC98100C0D0EC /* ARFPredicates.m */; };
		9C8A5C801AE061090047ED54 /* ARFCreateAnnotationViewController.m in Sources */ = {isa = PBXBuildFile; fileRef = 9C8A5C7E1AE061090047ED54 /* ARFCreateAnnotationViewController.m */; };
		9C8A5C811AE061090047ED54 /* ARFCreateAnnotationViewController.xib in Resources */ = {isa = PBXBuildFile; fileRef = 9C8A5C7F1AE061090047ED54 /* ARFCreateAnnotationViewController.xib */; };
		9C8A5C851AE06E460047ED54 /* CLLocationManager+Manager.m in Sources */ = {isa = PBXBuildFile; fileRef = 9C8A5C841AE06E460047ED54 /* CLLocationManager+Manager.m */; };
		9C8A5C8C1AE0BFEB0047ED54 /* UIImage+Alpha.m in Sources */ = {isa = PBXBuildFile; fileRef = 9C8A5C871AE0BFEB0047ED54 /* UIImage+Alpha.m */; };
		9C8A5C8D1AE0BFEB0047ED54 /* UIImage+Resize.m in Sources */ = {isa = PBXBuildFile; fileRef = 9C8A5C891AE0BFEB0047ED54 /* UIImage+Resize.m */; };
		9C8A5C8E1AE0BFEB0047ED54 /* UIImage+RoundedCorner.m in Sources */ = {isa = PBXBuildFile; fileRef = 9C8A5C8B1AE0BFEB0047ED54 /* UIImage+RoundedCorner.m */; };
		9C9F208F1ADB2CFB00A0A61E /* main.m in Sources */ = {isa = PBXBuildFile; fileRef = 9C9F208E1ADB2CFB00A0A61E /* main.m */; };
		9C9F20921ADB2CFB00A0A61E /* AppDelegate.m in Sources */ = {isa = PBXBuildFile; fileRef = 9C9F20911ADB2CFB00A0A61E /* AppDelegate.m */; };
		9C9F209A1ADB2CFC00A0A61E /* Images.xcassets in Resources */ = {isa = PBXBuildFile; fileRef = 9C9F20991ADB2CFC00A0A61E /* Images.xcassets */; };
		9C9F209D1ADB2CFC00A0A61E /* LaunchScreen.xib in Resources */ = {isa = PBXBuildFile; fileRef = 9C9F209B1ADB2CFC00A0A61E /* LaunchScreen.xib */; };
		9C9F20A91ADB2CFC00A0A61E /* HackerBooksAvanzadoTests.m in Sources */ = {isa = PBXBuildFile; fileRef = 9C9F20A81ADB2CFC00A0A61E /* HackerBooksAvanzadoTests.m */; };
		9C9F20B61ADB4AB000A0A61E /* ARFKVOBaseClass.m in Sources */ = {isa = PBXBuildFile; fileRef = 9C9F20B51ADB4AB000A0A61E /* ARFKVOBaseClass.m */; };
		9C9F20BE1ADB4C0500A0A61E /* Model.xcdatamodeld in Sources */ = {isa = PBXBuildFile; fileRef = 9C9F20BC1ADB4C0500A0A61E /* Model.xcdatamodeld */; };
		9C9F20CD1ADB518A00A0A61E /* _ARFAnnotation.m in Sources */ = {isa = PBXBuildFile; fileRef = 9C9F20C01ADB518A00A0A61E /* _ARFAnnotation.m */; };
		9C9F20CE1ADB518A00A0A61E /* _ARFAuthor.m in Sources */ = {isa = PBXBuildFile; fileRef = 9C9F20C21ADB518A00A0A61E /* _ARFAuthor.m */; };
		9C9F20CF1ADB518A00A0A61E /* _ARFBook.m in Sources */ = {isa = PBXBuildFile; fileRef = 9C9F20C41ADB518A00A0A61E /* _ARFBook.m */; };
		9C9F20D01ADB518A00A0A61E /* _ARFLocation.m in Sources */ = {isa = PBXBuildFile; fileRef = 9C9F20C61ADB518A00A0A61E /* _ARFLocation.m */; };
		9C9F20D11ADB518A00A0A61E /* _ARFPdf.m in Sources */ = {isa = PBXBuildFile; fileRef = 9C9F20C81ADB518A00A0A61E /* _ARFPdf.m */; };
		9C9F20D21ADB518A00A0A61E /* _ARFPhoto.m in Sources */ = {isa = PBXBuildFile; fileRef = 9C9F20CA1ADB518A00A0A61E /* _ARFPhoto.m */; };
		9C9F20D31ADB518A00A0A61E /* _ARFTag.m in Sources */ = {isa = PBXBuildFile; fileRef = 9C9F20CC1ADB518A00A0A61E /* _ARFTag.m */; };
		9C9F20DD1ADB51DC00A0A61E /* ARFAnnotation.m in Sources */ = {isa = PBXBuildFile; fileRef = 9C9F20D81ADB51DC00A0A61E /* ARFAnnotation.m */; };
		9C9F20DE1ADB51DC00A0A61E /* ARFAuthor.m in Sources */ = {isa = PBXBuildFile; fileRef = 9C9F20DA1ADB51DC00A0A61E /* ARFAuthor.m */; };
		9C9F20DF1ADB51DC00A0A61E /* ARFBook.m in Sources */ = {isa = PBXBuildFile; fileRef = 9C9F20DC1ADB51DC00A0A61E /* ARFBook.m */; };
		9C9F20E81ADB51E800A0A61E /* ARFLocation.m in Sources */ = {isa = PBXBuildFile; fileRef = 9C9F20E11ADB51E800A0A61E /* ARFLocation.m */; };
		9C9F20E91ADB51E800A0A61E /* ARFPdf.m in Sources */ = {isa = PBXBuildFile; fileRef = 9C9F20E31ADB51E800A0A61E /* ARFPdf.m */; };
		9C9F20EA1ADB51E800A0A61E /* ARFPhoto.m in Sources */ = {isa = PBXBuildFile; fileRef = 9C9F20E51ADB51E800A0A61E /* ARFPhoto.m */; };
		9C9F20EB1ADB51E800A0A61E /* ARFTag.m in Sources */ = {isa = PBXBuildFile; fileRef = 9C9F20E71ADB51E800A0A61E /* ARFTag.m */; };
		9CB9D8411AED8A2000CCD0D3 /* ARFAnnotationsViewController.m in Sources */ = {isa = PBXBuildFile; fileRef = 9CB9D83D1AED8A2000CCD0D3 /* ARFAnnotationsViewController.m */; };
		9CB9D8421AED8A2000CCD0D3 /* ARFAnnotationViewCell.m in Sources */ = {isa = PBXBuildFile; fileRef = 9CB9D83F1AED8A2000CCD0D3 /* ARFAnnotationViewCell.m */; };
		9CB9D8431AED8A2000CCD0D3 /* ARFAnnotationViewCell.xib in Resources */ = {isa = PBXBuildFile; fileRef = 9CB9D8401AED8A2000CCD0D3 /* ARFAnnotationViewCell.xib */; };
		9CB9D8471AED8A9A00CCD0D3 /* AGTCoreDataCollectionViewController.m in Sources */ = {isa = PBXBuildFile; fileRef = 9CB9D8461AED8A9A00CCD0D3 /* AGTCoreDataCollectionViewController.m */; };
		9CCA04AA1ADD75B10076DFEA /* ARFBookViewController.m in Sources */ = {isa = PBXBuildFile; fileRef = 9CCA04A81ADD75B10076DFEA /* ARFBookViewController.m */; };
		9CCA04AB1ADD75B10076DFEA /* ARFBookViewController.xib in Resources */ = {isa = PBXBuildFile; fileRef = 9CCA04A91ADD75B10076DFEA /* ARFBookViewController.xib */; };
		9CCA04AF1ADD8E200076DFEA /* ARFBooksViewController+Notifications.m in Sources */ = {isa = PBXBuildFile; fileRef = 9CCA04AE1ADD8E200076DFEA /* ARFBooksViewController+Notifications.m */; };
		9CCA04B31ADD9DED0076DFEA /* ARFBooksViewController+TableView.m in Sources */ = {isa = PBXBuildFile; fileRef = 9CCA04B21ADD9DED0076DFEA /* ARFBooksViewController+TableView.m */; };
		B7EE166D58923AAC4A15711F /* libPods.a in Frameworks */ = {isa = PBXBuildFile; fileRef = 89B19A4F238328E9A6F4951C /* libPods.a */; };
/* End PBXBuildFile section */

/* Begin PBXContainerItemProxy section */
		9C9F20A31ADB2CFC00A0A61E /* PBXContainerItemProxy */ = {
			isa = PBXContainerItemProxy;
			containerPortal = 9C9F20811ADB2CFB00A0A61E /* Project object */;
			proxyType = 1;
			remoteGlobalIDString = 9C9F20881ADB2CFB00A0A61E;
			remoteInfo = HackerBooksAvanzado;
		};
/* End PBXContainerItemProxy section */

/* Begin PBXFileReference section */
		4893B99ACFB6A687BF409614 /* Pods.release.xcconfig */ = {isa = PBXFileReference; includeInIndex = 1; lastKnownFileType = text.xcconfig; name = Pods.release.xcconfig; path = "Pods/Target Support Files/Pods/Pods.release.xcconfig"; sourceTree = "<group>"; };
		89B19A4F238328E9A6F4951C /* libPods.a */ = {isa = PBXFileReference; explicitFileType = archive.ar; includeInIndex = 0; path = libPods.a; sourceTree = BUILT_PRODUCTS_DIR; };
		9C0583BC1ADDE38B0048A66D /* not_available.jpg */ = {isa = PBXFileReference; lastKnownFileType = image.jpeg; path = not_available.jpg; sourceTree = "<group>"; };
		9C23231D1ADEEDB500C763F4 /* ARFSearchResultsViewController.h */ = {isa = PBXFileReference; fileEncoding = 4; lastKnownFileType = sourcecode.c.h; path = ARFSearchResultsViewController.h; sourceTree = "<group>"; };
		9C23231E1ADEEDB500C763F4 /* ARFSearchResultsViewController.m */ = {isa = PBXFileReference; fileEncoding = 4; lastKnownFileType = sourcecode.c.objc; path = ARFSearchResultsViewController.m; sourceTree = "<group>"; };
		9C23231F1ADEEDB500C763F4 /* ARFSearchResultsViewController.xib */ = {isa = PBXFileReference; fileEncoding = 4; lastKnownFileType = file.xib; path = ARFSearchResultsViewController.xib; sourceTree = "<group>"; };
		9C2F0A7F1B879B8400C5D66A /* ARFLibrary.h */ = {isa = PBXFileReference; fileEncoding = 4; lastKnownFileType = sourcecode.c.h; path = ARFLibrary.h; sourceTree = "<group>"; };
		9C2F0A801B879B8400C5D66A /* ARFLibrary.m */ = {isa = PBXFileReference; fileEncoding = 4; lastKnownFileType = sourcecode.c.objc; path = ARFLibrary.m; sourceTree = "<group>"; };
		9C2F0A821B87CD2100C5D66A /* _ARFBookTag.h */ = {isa = PBXFileReference; fileEncoding = 4; lastKnownFileType = sourcecode.c.h; path = _ARFBookTag.h; sourceTree = "<group>"; };
		9C2F0A831B87CD2100C5D66A /* _ARFBookTag.m */ = {isa = PBXFileReference; fileEncoding = 4; lastKnownFileType = sourcecode.c.objc; path = _ARFBookTag.m; sourceTree = "<group>"; };
		9C2F0A851B87CD2900C5D66A /* ARFBookTag.h */ = {isa = PBXFileReference; fileEncoding = 4; lastKnownFileType = sourcecode.c.h; path = ARFBookTag.h; sourceTree = "<group>"; };
		9C2F0A861B87CD2900C5D66A /* ARFBookTag.m */ = {isa = PBXFileReference; fileEncoding = 4; lastKnownFileType = sourcecode.c.objc; path = ARFBookTag.m; sourceTree = "<group>"; };
		9C32EA1E1ADB74E40004F011 /* ARFBookCell.h */ = {isa = PBXFileReference; fileEncoding = 4; lastKnownFileType = sourcecode.c.h; path = ARFBookCell.h; sourceTree = "<group>"; };
		9C32EA1F1ADB74E40004F011 /* ARFBookCell.m */ = {isa = PBXFileReference; fileEncoding = 4; lastKnownFileType = sourcecode.c.objc; path = ARFBookCell.m; sourceTree = "<group>"; };
		9C32EA201ADB74E40004F011 /* ARFBookCell.xib */ = {isa = PBXFileReference; fileEncoding = 4; lastKnownFileType = file.xib; path = ARFBookCell.xib; sourceTree = "<group>"; };
		9C3CF8B31ADF37E700E69E72 /* ARFBooksViewController+SearchBar.h */ = {isa = PBXFileReference; fileEncoding = 4; lastKnownFileType = sourcecode.c.h; path = "ARFBooksViewController+SearchBar.h"; sourceTree = "<group>"; };
		9C3CF8B41ADF37E700E69E72 /* ARFBooksViewController+SearchBar.m */ = {isa = PBXFileReference; fileEncoding = 4; lastKnownFileType = sourcecode.c.objc; path = "ARFBooksViewController+SearchBar.m"; sourceTree = "<group>"; };
		9C3CF8BA1ADF583100E69E72 /* ARFBooksViewController+SearchResults.h */ = {isa = PBXFileReference; fileEncoding = 4; lastKnownFileType = sourcecode.c.h; path = "ARFBooksViewController+SearchResults.h"; sourceTree = "<group>"; };
		9C3CF8BB1ADF583100E69E72 /* ARFBooksViewController+SearchResults.m */ = {isa = PBXFileReference; fileEncoding = 4; lastKnownFileType = sourcecode.c.objc; path = "ARFBooksViewController+SearchResults.m"; sourceTree = "<group>"; };
		9C3CF8BE1ADF5C1500E69E72 /* ARFSplashViewController.h */ = {isa = PBXFileReference; fileEncoding = 4; lastKnownFileType = sourcecode.c.h; path = ARFSplashViewController.h; sourceTree = "<group>"; };
		9C3CF8BF1ADF5C1500E69E72 /* ARFSplashViewController.m */ = {isa = PBXFileReference; fileEncoding = 4; lastKnownFileType = sourcecode.c.objc; path = ARFSplashViewController.m; sourceTree = "<group>"; };
		9C3CF8C01ADF5C1500E69E72 /* ARFSplashViewController.xib */ = {isa = PBXFileReference; fileEncoding = 4; lastKnownFileType = file.xib; path = ARFSplashViewController.xib; sourceTree = "<group>"; };
		9C4B5A981AE9346F000001B7 /* AGTCoreDataStack.h */ = {isa = PBXFileReference; fileEncoding = 4; lastKnownFileType = sourcecode.c.h; path = AGTCoreDataStack.h; sourceTree = "<group>"; };
		9C4B5A991AE9346F000001B7 /* AGTCoreDataStack.m */ = {isa = PBXFileReference; fileEncoding = 4; lastKnownFileType = sourcecode.c.objc; path = AGTCoreDataStack.m; sourceTree = "<group>"; };
		9C4B5A9E1AE9391D000001B7 /* ARFCoreDataUtils.h */ = {isa = PBXFileReference; fileEncoding = 4; lastKnownFileType = sourcecode.c.h; path = ARFCoreDataUtils.h; sourceTree = "<group>"; };
		9C4B5A9F1AE9391D000001B7 /* ARFCoreDataUtils.m */ = {isa = PBXFileReference; fileEncoding = 4; lastKnownFileType = sourcecode.c.objc; path = ARFCoreDataUtils.m; sourceTree = "<group>"; };
		9C4B5AA21AE9E5AD000001B7 /* ARFInitialScreen.h */ = {isa = PBXFileReference; fileEncoding = 4; lastKnownFileType = sourcecode.c.h; path = ARFInitialScreen.h; sourceTree = "<group>"; };
		9C4B5AA31AE9E5AD000001B7 /* ARFInitialScreen.m */ = {isa = PBXFileReference; fileEncoding = 4; lastKnownFileType = sourcecode.c.objc; path = ARFInitialScreen.m; sourceTree = "<group>"; };
		9C4B5AA61AE9EF59000001B7 /* NSString+Category.h */ = {isa = PBXFileReference; fileEncoding = 4; lastKnownFileType = sourcecode.c.h; path = "NSString+Category.h"; sourceTree = "<group>"; };
		9C4B5AA71AE9EF59000001B7 /* NSString+Category.m */ = {isa = PBXFileReference; fileEncoding = 4; lastKnownFileType = sourcecode.c.objc; path = "NSString+Category.m"; sourceTree = "<group>"; };
		9C550B5D1AED4636000BEDBF /* ARFPdfViewController.h */ = {isa = PBXFileReference; fileEncoding = 4; lastKnownFileType = sourcecode.c.h; path = ARFPdfViewController.h; sourceTree = "<group>"; };
		9C550B5E1AED4636000BEDBF /* ARFPdfViewController.m */ = {isa = PBXFileReference; fileEncoding = 4; lastKnownFileType = sourcecode.c.objc; path = ARFPdfViewController.m; sourceTree = "<group>"; };
		9C550B5F1AED4636000BEDBF /* ARFPdfViewController.xib */ = {isa = PBXFileReference; fileEncoding = 4; lastKnownFileType = file.xib; path = ARFPdfViewController.xib; sourceTree = "<group>"; };
		9C88136E1ADB5F9500AFFD15 /* ARFBookApiClient.h */ = {isa = PBXFileReference; fileEncoding = 4; lastKnownFileType = sourcecode.c.h; path = ARFBookApiClient.h; sourceTree = "<group>"; };
		9C88136F1ADB5F9500AFFD15 /* ARFBookApiClient.m */ = {isa = PBXFileReference; fileEncoding = 4; lastKnownFileType = sourcecode.c.objc; path = ARFBookApiClient.m; sourceTree = "<group>"; };
		9C8813721ADB613800AFFD15 /* ARFBookParser.h */ = {isa = PBXFileReference; fileEncoding = 4; lastKnownFileType = sourcecode.c.h; path = ARFBookParser.h; sourceTree = "<group>"; };
		9C8813731ADB613800AFFD15 /* ARFBookParser.m */ = {isa = PBXFileReference; fileEncoding = 4; lastKnownFileType = sourcecode.c.objc; path = ARFBookParser.m; sourceTree = "<group>"; };
		9C8813751ADB643E00AFFD15 /* ARFConstants.h */ = {isa = PBXFileReference; fileEncoding = 4; lastKnownFileType = sourcecode.c.h; path = ARFConstants.h; sourceTree = "<group>"; };
		9C8813761ADB725600AFFD15 /* ARFBaseFetchedResultsController.h */ = {isa = PBXFileReference; fileEncoding = 4; lastKnownFileType = sourcecode.c.h; path = ARFBaseFetchedResultsController.h; sourceTree = "<group>"; };
		9C8813771ADB725600AFFD15 /* ARFBaseFetchedResultsController.m */ = {isa = PBXFileReference; fileEncoding = 4; lastKnownFileType = sourcecode.c.objc; path = ARFBaseFetchedResultsController.m; sourceTree = "<group>"; };
		9C88137B1ADB738000AFFD15 /* ARFBooksViewController.h */ = {isa = PBXFileReference; fileEncoding = 4; lastKnownFileType = sourcecode.c.h; path = ARFBooksViewController.h; sourceTree = "<group>"; };
		9C88137C1ADB738000AFFD15 /* ARFBooksViewController.m */ = {isa = PBXFileReference; fileEncoding = 4; lastKnownFileType = sourcecode.c.objc; path = ARFBooksViewController.m; sourceTree = "<group>"; };
		9C88137D1ADB738000AFFD15 /* ARFBooksViewController.xib */ = {isa = PBXFileReference; fileEncoding = 4; lastKnownFileType = file.xib; path = ARFBooksViewController.xib; sourceTree = "<group>"; };
		9C895DA31ADCC3FC00C0D0EC /* ARFBooksViewController+Utils.h */ = {isa = PBXFileReference; fileEncoding = 4; lastKnownFileType = sourcecode.c.h; path = "ARFBooksViewController+Utils.h"; sourceTree = "<group>"; };
		9C895DA41ADCC3FC00C0D0EC /* ARFBooksViewController+Utils.m */ = {isa = PBXFileReference; fileEncoding = 4; lastKnownFileType = sourcecode.c.objc; path = "ARFBooksViewController+Utils.m"; sourceTree = "<group>"; };
		9C895DA81ADCC98100C0D0EC /* ARFPredicates.h */ = {isa = PBXFileReference; fileEncoding = 4; lastKnownFileType = sourcecode.c.h; path = ARFPredicates.h; sourceTree = "<group>"; };
		9C895DA91ADCC98100C0D0EC /* ARFPredicates.m */ = {isa = PBXFileReference; fileEncoding = 4; lastKnownFileType = sourcecode.c.objc; path = ARFPredicates.m; sourceTree = "<group>"; };
		9C8A5C7D1AE061090047ED54 /* ARFCreateAnnotationViewController.h */ = {isa = PBXFileReference; fileEncoding = 4; lastKnownFileType = sourcecode.c.h; path = ARFCreateAnnotationViewController.h; sourceTree = "<group>"; };
		9C8A5C7E1AE061090047ED54 /* ARFCreateAnnotationViewController.m */ = {isa = PBXFileReference; fileEncoding = 4; lastKnownFileType = sourcecode.c.objc; path = ARFCreateAnnotationViewController.m; sourceTree = "<group>"; };
		9C8A5C7F1AE061090047ED54 /* ARFCreateAnnotationViewController.xib */ = {isa = PBXFileReference; fileEncoding = 4; lastKnownFileType = file.xib; path = ARFCreateAnnotationViewController.xib; sourceTree = "<group>"; };
		9C8A5C831AE06E460047ED54 /* CLLocationManager+Manager.h */ = {isa = PBXFileReference; fileEncoding = 4; lastKnownFileType = sourcecode.c.h; path = "CLLocationManager+Manager.h"; sourceTree = "<group>"; };
		9C8A5C841AE06E460047ED54 /* CLLocationManager+Manager.m */ = {isa = PBXFileReference; fileEncoding = 4; lastKnownFileType = sourcecode.c.objc; path = "CLLocationManager+Manager.m"; sourceTree = "<group>"; };
		9C8A5C861AE0BFEB0047ED54 /* UIImage+Alpha.h */ = {isa = PBXFileReference; fileEncoding = 4; lastKnownFileType = sourcecode.c.h; path = "UIImage+Alpha.h"; sourceTree = "<group>"; };
		9C8A5C871AE0BFEB0047ED54 /* UIImage+Alpha.m */ = {isa = PBXFileReference; fileEncoding = 4; lastKnownFileType = sourcecode.c.objc; path = "UIImage+Alpha.m"; sourceTree = "<group>"; };
		9C8A5C881AE0BFEB0047ED54 /* UIImage+Resize.h */ = {isa = PBXFileReference; fileEncoding = 4; lastKnownFileType = sourcecode.c.h; path = "UIImage+Resize.h"; sourceTree = "<group>"; };
		9C8A5C891AE0BFEB0047ED54 /* UIImage+Resize.m */ = {isa = PBXFileReference; fileEncoding = 4; lastKnownFileType = sourcecode.c.objc; path = "UIImage+Resize.m"; sourceTree = "<group>"; };
		9C8A5C8A1AE0BFEB0047ED54 /* UIImage+RoundedCorner.h */ = {isa = PBXFileReference; fileEncoding = 4; lastKnownFileType = sourcecode.c.h; path = "UIImage+RoundedCorner.h"; sourceTree = "<group>"; };
		9C8A5C8B1AE0BFEB0047ED54 /* UIImage+RoundedCorner.m */ = {isa = PBXFileReference; fileEncoding = 4; lastKnownFileType = sourcecode.c.objc; path = "UIImage+RoundedCorner.m"; sourceTree = "<group>"; };
		9C9F20891ADB2CFB00A0A61E /* HackerBooksAvanzado.app */ = {isa = PBXFileReference; explicitFileType = wrapper.application; includeInIndex = 0; path = HackerBooksAvanzado.app; sourceTree = BUILT_PRODUCTS_DIR; };
		9C9F208D1ADB2CFB00A0A61E /* Info.plist */ = {isa = PBXFileReference; lastKnownFileType = text.plist.xml; path = Info.plist; sourceTree = "<group>"; };
		9C9F208E1ADB2CFB00A0A61E /* main.m */ = {isa = PBXFileReference; lastKnownFileType = sourcecode.c.objc; path = main.m; sourceTree = "<group>"; };
		9C9F20901ADB2CFB00A0A61E /* AppDelegate.h */ = {isa = PBXFileReference; lastKnownFileType = sourcecode.c.h; path = AppDelegate.h; sourceTree = "<group>"; };
		9C9F20911ADB2CFB00A0A61E /* AppDelegate.m */ = {isa = PBXFileReference; lastKnownFileType = sourcecode.c.objc; path = AppDelegate.m; sourceTree = "<group>"; };
		9C9F20991ADB2CFC00A0A61E /* Images.xcassets */ = {isa = PBXFileReference; lastKnownFileType = folder.assetcatalog; path = Images.xcassets; sourceTree = "<group>"; };
		9C9F209C1ADB2CFC00A0A61E /* Base */ = {isa = PBXFileReference; lastKnownFileType = file.xib; name = Base; path = Base.lproj/LaunchScreen.xib; sourceTree = "<group>"; };
		9C9F20A21ADB2CFC00A0A61E /* HackerBooksAvanzadoTests.xctest */ = {isa = PBXFileReference; explicitFileType = wrapper.cfbundle; includeInIndex = 0; path = HackerBooksAvanzadoTests.xctest; sourceTree = BUILT_PRODUCTS_DIR; };
		9C9F20A71ADB2CFC00A0A61E /* Info.plist */ = {isa = PBXFileReference; lastKnownFileType = text.plist.xml; path = Info.plist; sourceTree = "<group>"; };
		9C9F20A81ADB2CFC00A0A61E /* HackerBooksAvanzadoTests.m */ = {isa = PBXFileReference; lastKnownFileType = sourcecode.c.objc; path = HackerBooksAvanzadoTests.m; sourceTree = "<group>"; };
		9C9F20B41ADB4AB000A0A61E /* ARFKVOBaseClass.h */ = {isa = PBXFileReference; fileEncoding = 4; lastKnownFileType = sourcecode.c.h; path = ARFKVOBaseClass.h; sourceTree = "<group>"; };
		9C9F20B51ADB4AB000A0A61E /* ARFKVOBaseClass.m */ = {isa = PBXFileReference; fileEncoding = 4; lastKnownFileType = sourcecode.c.objc; path = ARFKVOBaseClass.m; sourceTree = "<group>"; };
		9C9F20BD1ADB4C0500A0A61E /* Model.xcdatamodel */ = {isa = PBXFileReference; lastKnownFileType = wrapper.xcdatamodel; path = Model.xcdatamodel; sourceTree = "<group>"; };
		9C9F20BF1ADB518A00A0A61E /* _ARFAnnotation.h */ = {isa = PBXFileReference; fileEncoding = 4; lastKnownFileType = sourcecode.c.h; path = _ARFAnnotation.h; sourceTree = "<group>"; };
		9C9F20C01ADB518A00A0A61E /* _ARFAnnotation.m */ = {isa = PBXFileReference; fileEncoding = 4; lastKnownFileType = sourcecode.c.objc; path = _ARFAnnotation.m; sourceTree = "<group>"; };
		9C9F20C11ADB518A00A0A61E /* _ARFAuthor.h */ = {isa = PBXFileReference; fileEncoding = 4; lastKnownFileType = sourcecode.c.h; path = _ARFAuthor.h; sourceTree = "<group>"; };
		9C9F20C21ADB518A00A0A61E /* _ARFAuthor.m */ = {isa = PBXFileReference; fileEncoding = 4; lastKnownFileType = sourcecode.c.objc; path = _ARFAuthor.m; sourceTree = "<group>"; };
		9C9F20C31ADB518A00A0A61E /* _ARFBook.h */ = {isa = PBXFileReference; fileEncoding = 4; lastKnownFileType = sourcecode.c.h; path = _ARFBook.h; sourceTree = "<group>"; };
		9C9F20C41ADB518A00A0A61E /* _ARFBook.m */ = {isa = PBXFileReference; fileEncoding = 4; lastKnownFileType = sourcecode.c.objc; path = _ARFBook.m; sourceTree = "<group>"; };
		9C9F20C51ADB518A00A0A61E /* _ARFLocation.h */ = {isa = PBXFileReference; fileEncoding = 4; lastKnownFileType = sourcecode.c.h; path = _ARFLocation.h; sourceTree = "<group>"; };
		9C9F20C61ADB518A00A0A61E /* _ARFLocation.m */ = {isa = PBXFileReference; fileEncoding = 4; lastKnownFileType = sourcecode.c.objc; path = _ARFLocation.m; sourceTree = "<group>"; };
		9C9F20C71ADB518A00A0A61E /* _ARFPdf.h */ = {isa = PBXFileReference; fileEncoding = 4; lastKnownFileType = sourcecode.c.h; path = _ARFPdf.h; sourceTree = "<group>"; };
		9C9F20C81ADB518A00A0A61E /* _ARFPdf.m */ = {isa = PBXFileReference; fileEncoding = 4; lastKnownFileType = sourcecode.c.objc; path = _ARFPdf.m; sourceTree = "<group>"; };
		9C9F20C91ADB518A00A0A61E /* _ARFPhoto.h */ = {isa = PBXFileReference; fileEncoding = 4; lastKnownFileType = sourcecode.c.h; path = _ARFPhoto.h; sourceTree = "<group>"; };
		9C9F20CA1ADB518A00A0A61E /* _ARFPhoto.m */ = {isa = PBXFileReference; fileEncoding = 4; lastKnownFileType = sourcecode.c.objc; path = _ARFPhoto.m; sourceTree = "<group>"; };
		9C9F20CB1ADB518A00A0A61E /* _ARFTag.h */ = {isa = PBXFileReference; fileEncoding = 4; lastKnownFileType = sourcecode.c.h; path = _ARFTag.h; sourceTree = "<group>"; };
		9C9F20CC1ADB518A00A0A61E /* _ARFTag.m */ = {isa = PBXFileReference; fileEncoding = 4; lastKnownFileType = sourcecode.c.objc; path = _ARFTag.m; sourceTree = "<group>"; };
		9C9F20D71ADB51DC00A0A61E /* ARFAnnotation.h */ = {isa = PBXFileReference; fileEncoding = 4; lastKnownFileType = sourcecode.c.h; path = ARFAnnotation.h; sourceTree = "<group>"; };
		9C9F20D81ADB51DC00A0A61E /* ARFAnnotation.m */ = {isa = PBXFileReference; fileEncoding = 4; lastKnownFileType = sourcecode.c.objc; path = ARFAnnotation.m; sourceTree = "<group>"; };
		9C9F20D91ADB51DC00A0A61E /* ARFAuthor.h */ = {isa = PBXFileReference; fileEncoding = 4; lastKnownFileType = sourcecode.c.h; path = ARFAuthor.h; sourceTree = "<group>"; };
		9C9F20DA1ADB51DC00A0A61E /* ARFAuthor.m */ = {isa = PBXFileReference; fileEncoding = 4; lastKnownFileType = sourcecode.c.objc; path = ARFAuthor.m; sourceTree = "<group>"; };
		9C9F20DB1ADB51DC00A0A61E /* ARFBook.h */ = {isa = PBXFileReference; fileEncoding = 4; lastKnownFileType = sourcecode.c.h; path = ARFBook.h; sourceTree = "<group>"; };
		9C9F20DC1ADB51DC00A0A61E /* ARFBook.m */ = {isa = PBXFileReference; fileEncoding = 4; lastKnownFileType = sourcecode.c.objc; path = ARFBook.m; sourceTree = "<group>"; };
		9C9F20E01ADB51E800A0A61E /* ARFLocation.h */ = {isa = PBXFileReference; fileEncoding = 4; lastKnownFileType = sourcecode.c.h; path = ARFLocation.h; sourceTree = "<group>"; };
		9C9F20E11ADB51E800A0A61E /* ARFLocation.m */ = {isa = PBXFileReference; fileEncoding = 4; lastKnownFileType = sourcecode.c.objc; path = ARFLocation.m; sourceTree = "<group>"; };
		9C9F20E21ADB51E800A0A61E /* ARFPdf.h */ = {isa = PBXFileReference; fileEncoding = 4; lastKnownFileType = sourcecode.c.h; path = ARFPdf.h; sourceTree = "<group>"; };
		9C9F20E31ADB51E800A0A61E /* ARFPdf.m */ = {isa = PBXFileReference; fileEncoding = 4; lastKnownFileType = sourcecode.c.objc; path = ARFPdf.m; sourceTree = "<group>"; };
		9C9F20E41ADB51E800A0A61E /* ARFPhoto.h */ = {isa = PBXFileReference; fileEncoding = 4; lastKnownFileType = sourcecode.c.h; path = ARFPhoto.h; sourceTree = "<group>"; };
		9C9F20E51ADB51E800A0A61E /* ARFPhoto.m */ = {isa = PBXFileReference; fileEncoding = 4; lastKnownFileType = sourcecode.c.objc; path = ARFPhoto.m; sourceTree = "<group>"; };
		9C9F20E61ADB51E800A0A61E /* ARFTag.h */ = {isa = PBXFileReference; fileEncoding = 4; lastKnownFileType = sourcecode.c.h; path = ARFTag.h; sourceTree = "<group>"; };
		9C9F20E71ADB51E800A0A61E /* ARFTag.m */ = {isa = PBXFileReference; fileEncoding = 4; lastKnownFileType = sourcecode.c.objc; path = ARFTag.m; sourceTree = "<group>"; };
		9CB9D83C1AED8A2000CCD0D3 /* ARFAnnotationsViewController.h */ = {isa = PBXFileReference; fileEncoding = 4; lastKnownFileType = sourcecode.c.h; path = ARFAnnotationsViewController.h; sourceTree = "<group>"; };
		9CB9D83D1AED8A2000CCD0D3 /* ARFAnnotationsViewController.m */ = {isa = PBXFileReference; fileEncoding = 4; lastKnownFileType = sourcecode.c.objc; path = ARFAnnotationsViewController.m; sourceTree = "<group>"; };
		9CB9D83E1AED8A2000CCD0D3 /* ARFAnnotationViewCell.h */ = {isa = PBXFileReference; fileEncoding = 4; lastKnownFileType = sourcecode.c.h; path = ARFAnnotationViewCell.h; sourceTree = "<group>"; };
		9CB9D83F1AED8A2000CCD0D3 /* ARFAnnotationViewCell.m */ = {isa = PBXFileReference; fileEncoding = 4; lastKnownFileType = sourcecode.c.objc; path = ARFAnnotationViewCell.m; sourceTree = "<group>"; };
		9CB9D8401AED8A2000CCD0D3 /* ARFAnnotationViewCell.xib */ = {isa = PBXFileReference; fileEncoding = 4; lastKnownFileType = file.xib; path = ARFAnnotationViewCell.xib; sourceTree = "<group>"; };
		9CB9D8451AED8A9A00CCD0D3 /* AGTCoreDataCollectionViewController.h */ = {isa = PBXFileReference; fileEncoding = 4; lastKnownFileType = sourcecode.c.h; path = AGTCoreDataCollectionViewController.h; sourceTree = "<group>"; };
		9CB9D8461AED8A9A00CCD0D3 /* AGTCoreDataCollectionViewController.m */ = {isa = PBXFileReference; fileEncoding = 4; lastKnownFileType = sourcecode.c.objc; path = AGTCoreDataCollectionViewController.m; sourceTree = "<group>"; };
		9CCA04A71ADD75B10076DFEA /* ARFBookViewController.h */ = {isa = PBXFileReference; fileEncoding = 4; lastKnownFileType = sourcecode.c.h; path = ARFBookViewController.h; sourceTree = "<group>"; };
		9CCA04A81ADD75B10076DFEA /* ARFBookViewController.m */ = {isa = PBXFileReference; fileEncoding = 4; lastKnownFileType = sourcecode.c.objc; path = ARFBookViewController.m; sourceTree = "<group>"; };
		9CCA04A91ADD75B10076DFEA /* ARFBookViewController.xib */ = {isa = PBXFileReference; fileEncoding = 4; lastKnownFileType = file.xib; path = ARFBookViewController.xib; sourceTree = "<group>"; };
		9CCA04AD1ADD8E200076DFEA /* ARFBooksViewController+Notifications.h */ = {isa = PBXFileReference; fileEncoding = 4; lastKnownFileType = sourcecode.c.h; path = "ARFBooksViewController+Notifications.h"; sourceTree = "<group>"; };
		9CCA04AE1ADD8E200076DFEA /* ARFBooksViewController+Notifications.m */ = {isa = PBXFileReference; fileEncoding = 4; lastKnownFileType = sourcecode.c.objc; path = "ARFBooksViewController+Notifications.m"; sourceTree = "<group>"; };
		9CCA04B11ADD9DED0076DFEA /* ARFBooksViewController+TableView.h */ = {isa = PBXFileReference; fileEncoding = 4; lastKnownFileType = sourcecode.c.h; path = "ARFBooksViewController+TableView.h"; sourceTree = "<group>"; };
		9CCA04B21ADD9DED0076DFEA /* ARFBooksViewController+TableView.m */ = {isa = PBXFileReference; fileEncoding = 4; lastKnownFileType = sourcecode.c.objc; path = "ARFBooksViewController+TableView.m"; sourceTree = "<group>"; };
		DC74FF5E83CAC8CAA35E1CBB /* Pods.debug.xcconfig */ = {isa = PBXFileReference; includeInIndex = 1; lastKnownFileType = text.xcconfig; name = Pods.debug.xcconfig; path = "Pods/Target Support Files/Pods/Pods.debug.xcconfig"; sourceTree = "<group>"; };
/* End PBXFileReference section */

/* Begin PBXFrameworksBuildPhase section */
		9C9F20861ADB2CFB00A0A61E /* Frameworks */ = {
			isa = PBXFrameworksBuildPhase;
			buildActionMask = 2147483647;
			files = (
				B7EE166D58923AAC4A15711F /* libPods.a in Frameworks */,
			);
			runOnlyForDeploymentPostprocessing = 0;
		};
		9C9F209F1ADB2CFC00A0A61E /* Frameworks */ = {
			isa = PBXFrameworksBuildPhase;
			buildActionMask = 2147483647;
			files = (
			);
			runOnlyForDeploymentPostprocessing = 0;
		};
/* End PBXFrameworksBuildPhase section */

/* Begin PBXGroup section */
		1A2679242E68F64912088624 /* Pods */ = {
			isa = PBXGroup;
			children = (
				DC74FF5E83CAC8CAA35E1CBB /* Pods.debug.xcconfig */,
				4893B99ACFB6A687BF409614 /* Pods.release.xcconfig */,
			);
			name = Pods;
			sourceTree = "<group>";
		};
		543CCE2062F6A8C79C834041 /* Frameworks */ = {
			isa = PBXGroup;
			children = (
				89B19A4F238328E9A6F4951C /* libPods.a */,
			);
			name = Frameworks;
			sourceTree = "<group>";
		};
		9C2323221ADEEDC600C763F4 /* Search ResultsVC */ = {
			isa = PBXGroup;
			children = (
				9C23231D1ADEEDB500C763F4 /* ARFSearchResultsViewController.h */,
				9C23231E1ADEEDB500C763F4 /* ARFSearchResultsViewController.m */,
				9C23231F1ADEEDB500C763F4 /* ARFSearchResultsViewController.xib */,
			);
			name = "Search ResultsVC";
			sourceTree = "<group>";
		};
		9C32EA231ADB74ED0004F011 /* Cell */ = {
			isa = PBXGroup;
			children = (
				9C32EA1E1ADB74E40004F011 /* ARFBookCell.h */,
				9C32EA1F1ADB74E40004F011 /* ARFBookCell.m */,
				9C32EA201ADB74E40004F011 /* ARFBookCell.xib */,
			);
			name = Cell;
			sourceTree = "<group>";
		};
		9C3CF8B61ADF37F200E69E72 /* Search Bar */ = {
			isa = PBXGroup;
			children = (
				9C3CF8B31ADF37E700E69E72 /* ARFBooksViewController+SearchBar.h */,
				9C3CF8B41ADF37E700E69E72 /* ARFBooksViewController+SearchBar.m */,
			);
			name = "Search Bar";
			sourceTree = "<group>";
		};
		9C3CF8BD1ADF5A5C00E69E72 /* Search Results Controller */ = {
			isa = PBXGroup;
			children = (
				9C3CF8BA1ADF583100E69E72 /* ARFBooksViewController+SearchResults.h */,
				9C3CF8BB1ADF583100E69E72 /* ARFBooksViewController+SearchResults.m */,
			);
			name = "Search Results Controller";
			sourceTree = "<group>";
		};
		9C3CF8C31ADF612E00E69E72 /* Splash */ = {
			isa = PBXGroup;
			children = (
				9C3CF8BE1ADF5C1500E69E72 /* ARFSplashViewController.h */,
				9C3CF8BF1ADF5C1500E69E72 /* ARFSplashViewController.m */,
				9C3CF8C01ADF5C1500E69E72 /* ARFSplashViewController.xib */,
			);
			name = Splash;
			sourceTree = "<group>";
		};
		9C4B5AA11AE9398B000001B7 /* Core Data */ = {
			isa = PBXGroup;
			children = (
				9C4B5A9E1AE9391D000001B7 /* ARFCoreDataUtils.h */,
				9C4B5A9F1AE9391D000001B7 /* ARFCoreDataUtils.m */,
			);
			name = "Core Data";
			sourceTree = "<group>";
		};
		9C4B5AA51AE9E69C000001B7 /* Initial Screen */ = {
			isa = PBXGroup;
			children = (
				9C4B5AA21AE9E5AD000001B7 /* ARFInitialScreen.h */,
				9C4B5AA31AE9E5AD000001B7 /* ARFInitialScreen.m */,
			);
			name = "Initial Screen";
			sourceTree = "<group>";
		};
		9C4B5AA91AE9EFF4000001B7 /* NSString */ = {
			isa = PBXGroup;
			children = (
				9C4B5AA61AE9EF59000001B7 /* NSString+Category.h */,
				9C4B5AA71AE9EF59000001B7 /* NSString+Category.m */,
			);
			name = NSString;
			sourceTree = "<group>";
		};
		9C8813711ADB5FA100AFFD15 /* Network */ = {
			isa = PBXGroup;
			children = (
				9C88136E1ADB5F9500AFFD15 /* ARFBookApiClient.h */,
				9C88136F1ADB5F9500AFFD15 /* ARFBookApiClient.m */,
			);
			name = Network;
			sourceTree = "<group>";
		};
		9C8813791ADB731200AFFD15 /* Utils */ = {
			isa = PBXGroup;
			children = (
				9C8813751ADB643E00AFFD15 /* ARFConstants.h */,
				9C8A5C8F1AE0BFF40047ED54 /* UIImage */,
				9C895DAB1ADCC98A00C0D0EC /* Common predicates */,
				9C88137A1ADB731E00AFFD15 /* Base Fetched Results Controller */,
				9CBCD6031AE05BDC00677078 /* Location Manager */,
				9C4B5AA11AE9398B000001B7 /* Core Data */,
				9C4B5AA51AE9E69C000001B7 /* Initial Screen */,
				9C4B5AA91AE9EFF4000001B7 /* NSString */,
			);
			name = Utils;
			sourceTree = "<group>";
		};
		9C88137A1ADB731E00AFFD15 /* Base Fetched Results Controller */ = {
			isa = PBXGroup;
			children = (
				9CB9D8491AED8AB000CCD0D3 /* Collection View */,
				9CB9D8481AED8AA900CCD0D3 /* Table View */,
			);
			name = "Base Fetched Results Controller";
			sourceTree = "<group>";
		};
		9C8813801ADB738900AFFD15 /* BooksVC */ = {
			isa = PBXGroup;
			children = (
				9C88137B1ADB738000AFFD15 /* ARFBooksViewController.h */,
				9C88137C1ADB738000AFFD15 /* ARFBooksViewController.m */,
				9C88137D1ADB738000AFFD15 /* ARFBooksViewController.xib */,
				9C895DA71ADCC40E00C0D0EC /* Categories */,
				9C32EA231ADB74ED0004F011 /* Cell */,
			);
			name = BooksVC;
			sourceTree = "<group>";
		};
		9C8813811ADB739500AFFD15 /* Controllers */ = {
			isa = PBXGroup;
			children = (
				9CB9D8441AED8A2700CCD0D3 /* Annotations VC */,
				9C3CF8C31ADF612E00E69E72 /* Splash */,
				9C8813801ADB738900AFFD15 /* BooksVC */,
				9CCA04AC1ADD75D50076DFEA /* BookVC */,
				9C2323221ADEEDC600C763F4 /* Search ResultsVC */,
				9C8A5C821AE06CC00047ED54 /* Create Annotation VC */,
				9CB9D8381AED5A1100CCD0D3 /* PDF VC */,
			);
			name = Controllers;
			sourceTree = "<group>";
		};
		9C895DA61ADCC40600C0D0EC /* Utils */ = {
			isa = PBXGroup;
			children = (
				9C895DA31ADCC3FC00C0D0EC /* ARFBooksViewController+Utils.h */,
				9C895DA41ADCC3FC00C0D0EC /* ARFBooksViewController+Utils.m */,
			);
			name = Utils;
			sourceTree = "<group>";
		};
		9C895DA71ADCC40E00C0D0EC /* Categories */ = {
			isa = PBXGroup;
			children = (
				9C3CF8B61ADF37F200E69E72 /* Search Bar */,
				9C895DA61ADCC40600C0D0EC /* Utils */,
				9CCA04B01ADD8E290076DFEA /* Notifications */,
				9CCA04B41ADD9DF30076DFEA /* Table View */,
				9C3CF8BD1ADF5A5C00E69E72 /* Search Results Controller */,
			);
			name = Categories;
			sourceTree = "<group>";
		};
		9C895DAB1ADCC98A00C0D0EC /* Common predicates */ = {
			isa = PBXGroup;
			children = (
				9C895DA81ADCC98100C0D0EC /* ARFPredicates.h */,
				9C895DA91ADCC98100C0D0EC /* ARFPredicates.m */,
			);
			name = "Common predicates";
			sourceTree = "<group>";
		};
		9C8A5C821AE06CC00047ED54 /* Create Annotation VC */ = {
			isa = PBXGroup;
			children = (
				9C8A5C7D1AE061090047ED54 /* ARFCreateAnnotationViewController.h */,
				9C8A5C7E1AE061090047ED54 /* ARFCreateAnnotationViewController.m */,
				9C8A5C7F1AE061090047ED54 /* ARFCreateAnnotationViewController.xib */,
			);
			name = "Create Annotation VC";
			sourceTree = "<group>";
		};
		9C8A5C8F1AE0BFF40047ED54 /* UIImage */ = {
			isa = PBXGroup;
			children = (
				9C8A5C861AE0BFEB0047ED54 /* UIImage+Alpha.h */,
				9C8A5C871AE0BFEB0047ED54 /* UIImage+Alpha.m */,
				9C8A5C881AE0BFEB0047ED54 /* UIImage+Resize.h */,
				9C8A5C891AE0BFEB0047ED54 /* UIImage+Resize.m */,
				9C8A5C8A1AE0BFEB0047ED54 /* UIImage+RoundedCorner.h */,
				9C8A5C8B1AE0BFEB0047ED54 /* UIImage+RoundedCorner.m */,
			);
			name = UIImage;
			sourceTree = "<group>";
		};
		9C9F20801ADB2CFB00A0A61E = {
			isa = PBXGroup;
			children = (
				9C9F208B1ADB2CFB00A0A61E /* HackerBooksAvanzado */,
				9C9F20A51ADB2CFC00A0A61E /* HackerBooksAvanzadoTests */,
				9C9F208A1ADB2CFB00A0A61E /* Products */,
				1A2679242E68F64912088624 /* Pods */,
				543CCE2062F6A8C79C834041 /* Frameworks */,
			);
			sourceTree = "<group>";
		};
		9C9F208A1ADB2CFB00A0A61E /* Products */ = {
			isa = PBXGroup;
			children = (
				9C9F20891ADB2CFB00A0A61E /* HackerBooksAvanzado.app */,
				9C9F20A21ADB2CFC00A0A61E /* HackerBooksAvanzadoTests.xctest */,
			);
			name = Products;
			sourceTree = "<group>";
		};
		9C9F208B1ADB2CFB00A0A61E /* HackerBooksAvanzado */ = {
			isa = PBXGroup;
			children = (
				9C0583BC1ADDE38B0048A66D /* not_available.jpg */,
				9C8813791ADB731200AFFD15 /* Utils */,
				9C8813711ADB5FA100AFFD15 /* Network */,
				9C9F20D51ADB51B900A0A61E /* Core Data */,
				9C8813811ADB739500AFFD15 /* Controllers */,
				9C9F20901ADB2CFB00A0A61E /* AppDelegate.h */,
				9C9F20911ADB2CFB00A0A61E /* AppDelegate.m */,
				9C9F20991ADB2CFC00A0A61E /* Images.xcassets */,
				9C9F209B1ADB2CFC00A0A61E /* LaunchScreen.xib */,
				9C9F208C1ADB2CFB00A0A61E /* Supporting Files */,
			);
			path = HackerBooksAvanzado;
			sourceTree = "<group>";
		};
		9C9F208C1ADB2CFB00A0A61E /* Supporting Files */ = {
			isa = PBXGroup;
			children = (
				9C9F208D1ADB2CFB00A0A61E /* Info.plist */,
				9C9F208E1ADB2CFB00A0A61E /* main.m */,
			);
			name = "Supporting Files";
			sourceTree = "<group>";
		};
		9C9F20A51ADB2CFC00A0A61E /* HackerBooksAvanzadoTests */ = {
			isa = PBXGroup;
			children = (
				9C9F20A81ADB2CFC00A0A61E /* HackerBooksAvanzadoTests.m */,
				9C9F20A61ADB2CFC00A0A61E /* Supporting Files */,
			);
			path = HackerBooksAvanzadoTests;
			sourceTree = "<group>";
		};
		9C9F20A61ADB2CFC00A0A61E /* Supporting Files */ = {
			isa = PBXGroup;
			children = (
				9C9F20A71ADB2CFC00A0A61E /* Info.plist */,
			);
			name = "Supporting Files";
			sourceTree = "<group>";
		};
		9C9F20D41ADB51A500A0A61E /* Machine Files */ = {
			isa = PBXGroup;
			children = (
				9C2F0A821B87CD2100C5D66A /* _ARFBookTag.h */,
				9C2F0A831B87CD2100C5D66A /* _ARFBookTag.m */,
				9C9F20D61ADB51C700A0A61E /* Base Class */,
				9C9F20BF1ADB518A00A0A61E /* _ARFAnnotation.h */,
				9C9F20C01ADB518A00A0A61E /* _ARFAnnotation.m */,
				9C9F20C11ADB518A00A0A61E /* _ARFAuthor.h */,
				9C9F20C21ADB518A00A0A61E /* _ARFAuthor.m */,
				9C9F20C31ADB518A00A0A61E /* _ARFBook.h */,
				9C9F20C41ADB518A00A0A61E /* _ARFBook.m */,
				9C9F20C51ADB518A00A0A61E /* _ARFLocation.h */,
				9C9F20C61ADB518A00A0A61E /* _ARFLocation.m */,
				9C9F20C71ADB518A00A0A61E /* _ARFPdf.h */,
				9C9F20C81ADB518A00A0A61E /* _ARFPdf.m */,
				9C9F20C91ADB518A00A0A61E /* _ARFPhoto.h */,
				9C9F20CA1ADB518A00A0A61E /* _ARFPhoto.m */,
				9C9F20CB1ADB518A00A0A61E /* _ARFTag.h */,
				9C9F20CC1ADB518A00A0A61E /* _ARFTag.m */,
			);
			name = "Machine Files";
			sourceTree = "<group>";
		};
		9C9F20D51ADB51B900A0A61E /* Core Data */ = {
			isa = PBXGroup;
			children = (
				9C9F20EC1ADB51F300A0A61E /* Human Files */,
				9C9F20D41ADB51A500A0A61E /* Machine Files */,
				9C9F20BC1ADB4C0500A0A61E /* Model.xcdatamodeld */,
				9C8813721ADB613800AFFD15 /* ARFBookParser.h */,
				9C8813731ADB613800AFFD15 /* ARFBookParser.m */,
				9C4B5A981AE9346F000001B7 /* AGTCoreDataStack.h */,
				9C4B5A991AE9346F000001B7 /* AGTCoreDataStack.m */,
			);
			name = "Core Data";
			sourceTree = "<group>";
		};
		9C9F20D61ADB51C700A0A61E /* Base Class */ = {
			isa = PBXGroup;
			children = (
				9C9F20B41ADB4AB000A0A61E /* ARFKVOBaseClass.h */,
				9C9F20B51ADB4AB000A0A61E /* ARFKVOBaseClass.m */,
			);
			name = "Base Class";
			sourceTree = "<group>";
		};
		9C9F20EC1ADB51F300A0A61E /* Human Files */ = {
			isa = PBXGroup;
			children = (
				9C2F0A851B87CD2900C5D66A /* ARFBookTag.h */,
				9C2F0A861B87CD2900C5D66A /* ARFBookTag.m */,
				9C9F20E01ADB51E800A0A61E /* ARFLocation.h */,
				9C9F20E11ADB51E800A0A61E /* ARFLocation.m */,
				9C9F20E21ADB51E800A0A61E /* ARFPdf.h */,
				9C9F20E31ADB51E800A0A61E /* ARFPdf.m */,
				9C9F20E41ADB51E800A0A61E /* ARFPhoto.h */,
				9C9F20E51ADB51E800A0A61E /* ARFPhoto.m */,
				9C9F20E61ADB51E800A0A61E /* ARFTag.h */,
				9C9F20E71ADB51E800A0A61E /* ARFTag.m */,
				9C9F20D71ADB51DC00A0A61E /* ARFAnnotation.h */,
				9C9F20D81ADB51DC00A0A61E /* ARFAnnotation.m */,
				9C9F20D91ADB51DC00A0A61E /* ARFAuthor.h */,
				9C9F20DA1ADB51DC00A0A61E /* ARFAuthor.m */,
				9C9F20DB1ADB51DC00A0A61E /* ARFBook.h */,
				9C9F20DC1ADB51DC00A0A61E /* ARFBook.m */,
				9C2F0A7F1B879B8400C5D66A /* ARFLibrary.h */,
				9C2F0A801B879B8400C5D66A /* ARFLibrary.m */,
			);
			name = "Human Files";
			sourceTree = "<group>";
		};
		9CB9D8381AED5A1100CCD0D3 /* PDF VC */ = {
			isa = PBXGroup;
			children = (
				9C550B5D1AED4636000BEDBF /* ARFPdfViewController.h */,
				9C550B5E1AED4636000BEDBF /* ARFPdfViewController.m */,
				9C550B5F1AED4636000BEDBF /* ARFPdfViewController.xib */,
			);
			name = "PDF VC";
			sourceTree = "<group>";
		};
		9CB9D8441AED8A2700CCD0D3 /* Annotations VC */ = {
			isa = PBXGroup;
			children = (
				9CB9D83C1AED8A2000CCD0D3 /* ARFAnnotationsViewController.h */,
				9CB9D83D1AED8A2000CCD0D3 /* ARFAnnotationsViewController.m */,
				9CB9D84A1AED8AC100CCD0D3 /* Cell */,
			);
			name = "Annotations VC";
			sourceTree = "<group>";
		};
		9CB9D8481AED8AA900CCD0D3 /* Table View */ = {
			isa = PBXGroup;
			children = (
				9C8813761ADB725600AFFD15 /* ARFBaseFetchedResultsController.h */,
				9C8813771ADB725600AFFD15 /* ARFBaseFetchedResultsController.m */,
			);
			name = "Table View";
			sourceTree = "<group>";
		};
		9CB9D8491AED8AB000CCD0D3 /* Collection View */ = {
			isa = PBXGroup;
			children = (
				9CB9D8451AED8A9A00CCD0D3 /* AGTCoreDataCollectionViewController.h */,
				9CB9D8461AED8A9A00CCD0D3 /* AGTCoreDataCollectionViewController.m */,
			);
			name = "Collection View";
			sourceTree = "<group>";
		};
		9CB9D84A1AED8AC100CCD0D3 /* Cell */ = {
			isa = PBXGroup;
			children = (
				9CB9D83E1AED8A2000CCD0D3 /* ARFAnnotationViewCell.h */,
				9CB9D83F1AED8A2000CCD0D3 /* ARFAnnotationViewCell.m */,
				9CB9D8401AED8A2000CCD0D3 /* ARFAnnotationViewCell.xib */,
			);
			name = Cell;
			sourceTree = "<group>";
		};
		9CBCD6031AE05BDC00677078 /* Location Manager */ = {
			isa = PBXGroup;
			children = (
				9C8A5C831AE06E460047ED54 /* CLLocationManager+Manager.h */,
				9C8A5C841AE06E460047ED54 /* CLLocationManager+Manager.m */,
			);
			name = "Location Manager";
			sourceTree = "<group>";
		};
		9CCA04AC1ADD75D50076DFEA /* BookVC */ = {
			isa = PBXGroup;
			children = (
				9CCA04A71ADD75B10076DFEA /* ARFBookViewController.h */,
				9CCA04A81ADD75B10076DFEA /* ARFBookViewController.m */,
				9CCA04A91ADD75B10076DFEA /* ARFBookViewController.xib */,
			);
			name = BookVC;
			sourceTree = "<group>";
		};
		9CCA04B01ADD8E290076DFEA /* Notifications */ = {
			isa = PBXGroup;
			children = (
				9CCA04AD1ADD8E200076DFEA /* ARFBooksViewController+Notifications.h */,
				9CCA04AE1ADD8E200076DFEA /* ARFBooksViewController+Notifications.m */,
			);
			name = Notifications;
			sourceTree = "<group>";
		};
		9CCA04B41ADD9DF30076DFEA /* Table View */ = {
			isa = PBXGroup;
			children = (
				9CCA04B11ADD9DED0076DFEA /* ARFBooksViewController+TableView.h */,
				9CCA04B21ADD9DED0076DFEA /* ARFBooksViewController+TableView.m */,
			);
			name = "Table View";
			sourceTree = "<group>";
		};
/* End PBXGroup section */

/* Begin PBXNativeTarget section */
		9C9F20881ADB2CFB00A0A61E /* HackerBooksAvanzado */ = {
			isa = PBXNativeTarget;
			buildConfigurationList = 9C9F20AC1ADB2CFC00A0A61E /* Build configuration list for PBXNativeTarget "HackerBooksAvanzado" */;
			buildPhases = (
				BF14A5038FDF36605A8D0A06 /* Check Pods Manifest.lock */,
				9C9F20851ADB2CFB00A0A61E /* Sources */,
				9C9F20861ADB2CFB00A0A61E /* Frameworks */,
				9C9F20871ADB2CFB00A0A61E /* Resources */,
				F6AB9AED85080DCBD9796ABB /* Copy Pods Resources */,
			);
			buildRules = (
			);
			dependencies = (
			);
			name = HackerBooksAvanzado;
			productName = HackerBooksAvanzado;
			productReference = 9C9F20891ADB2CFB00A0A61E /* HackerBooksAvanzado.app */;
			productType = "com.apple.product-type.application";
		};
		9C9F20A11ADB2CFC00A0A61E /* HackerBooksAvanzadoTests */ = {
			isa = PBXNativeTarget;
			buildConfigurationList = 9C9F20AF1ADB2CFC00A0A61E /* Build configuration list for PBXNativeTarget "HackerBooksAvanzadoTests" */;
			buildPhases = (
				9C9F209E1ADB2CFC00A0A61E /* Sources */,
				9C9F209F1ADB2CFC00A0A61E /* Frameworks */,
				9C9F20A01ADB2CFC00A0A61E /* Resources */,
			);
			buildRules = (
			);
			dependencies = (
				9C9F20A41ADB2CFC00A0A61E /* PBXTargetDependency */,
			);
			name = HackerBooksAvanzadoTests;
			productName = HackerBooksAvanzadoTests;
			productReference = 9C9F20A21ADB2CFC00A0A61E /* HackerBooksAvanzadoTests.xctest */;
			productType = "com.apple.product-type.bundle.unit-test";
		};
/* End PBXNativeTarget section */

/* Begin PBXProject section */
		9C9F20811ADB2CFB00A0A61E /* Project object */ = {
			isa = PBXProject;
			attributes = {
				LastUpgradeCheck = 0630;
				ORGANIZATIONNAME = "Alejandro Rodriguez";
				TargetAttributes = {
					9C9F20881ADB2CFB00A0A61E = {
						CreatedOnToolsVersion = 6.3;
					};
					9C9F20A11ADB2CFC00A0A61E = {
						CreatedOnToolsVersion = 6.3;
						TestTargetID = 9C9F20881ADB2CFB00A0A61E;
					};
				};
			};
			buildConfigurationList = 9C9F20841ADB2CFB00A0A61E /* Build configuration list for PBXProject "HackerBooksAvanzado" */;
			compatibilityVersion = "Xcode 3.2";
			developmentRegion = English;
			hasScannedForEncodings = 0;
			knownRegions = (
				en,
				Base,
			);
			mainGroup = 9C9F20801ADB2CFB00A0A61E;
			productRefGroup = 9C9F208A1ADB2CFB00A0A61E /* Products */;
			projectDirPath = "";
			projectRoot = "";
			targets = (
				9C9F20881ADB2CFB00A0A61E /* HackerBooksAvanzado */,
				9C9F20A11ADB2CFC00A0A61E /* HackerBooksAvanzadoTests */,
			);
		};
/* End PBXProject section */

/* Begin PBXResourcesBuildPhase section */
		9C9F20871ADB2CFB00A0A61E /* Resources */ = {
			isa = PBXResourcesBuildPhase;
			buildActionMask = 2147483647;
			files = (
				9C32EA221ADB74E40004F011 /* ARFBookCell.xib in Resources */,
				9C9F209D1ADB2CFC00A0A61E /* LaunchScreen.xib in Resources */,
				9C9F209A1ADB2CFC00A0A61E /* Images.xcassets in Resources */,
				9CB9D8431AED8A2000CCD0D3 /* ARFAnnotationViewCell.xib in Resources */,
				9C3CF8C21ADF5C1500E69E72 /* ARFSplashViewController.xib in Resources */,
				9C88137F1ADB738000AFFD15 /* ARFBooksViewController.xib in Resources */,
				9CCA04AB1ADD75B10076DFEA /* ARFBookViewController.xib in Resources */,
				9C0583BD1ADDE38B0048A66D /* not_available.jpg in Resources */,
				9C550B611AED4636000BEDBF /* ARFPdfViewController.xib in Resources */,
				9C2323211ADEEDB500C763F4 /* ARFSearchResultsViewController.xib in Resources */,
				9C8A5C811AE061090047ED54 /* ARFCreateAnnotationViewController.xib in Resources */,
			);
			runOnlyForDeploymentPostprocessing = 0;
		};
		9C9F20A01ADB2CFC00A0A61E /* Resources */ = {
			isa = PBXResourcesBuildPhase;
			buildActionMask = 2147483647;
			files = (
			);
			runOnlyForDeploymentPostprocessing = 0;
		};
/* End PBXResourcesBuildPhase section */

/* Begin PBXShellScriptBuildPhase section */
		BF14A5038FDF36605A8D0A06 /* Check Pods Manifest.lock */ = {
			isa = PBXShellScriptBuildPhase;
			buildActionMask = 2147483647;
			files = (
			);
			inputPaths = (
			);
			name = "Check Pods Manifest.lock";
			outputPaths = (
			);
			runOnlyForDeploymentPostprocessing = 0;
			shellPath = /bin/sh;
			shellScript = "diff \"${PODS_ROOT}/../Podfile.lock\" \"${PODS_ROOT}/Manifest.lock\" > /dev/null\nif [[ $? != 0 ]] ; then\n    cat << EOM\nerror: The sandbox is not in sync with the Podfile.lock. Run 'pod install' or update your CocoaPods installation.\nEOM\n    exit 1\nfi\n";
			showEnvVarsInLog = 0;
		};
		F6AB9AED85080DCBD9796ABB /* Copy Pods Resources */ = {
			isa = PBXShellScriptBuildPhase;
			buildActionMask = 2147483647;
			files = (
			);
			inputPaths = (
			);
			name = "Copy Pods Resources";
			outputPaths = (
			);
			runOnlyForDeploymentPostprocessing = 0;
			shellPath = /bin/sh;
			shellScript = "\"${SRCROOT}/Pods/Target Support Files/Pods/Pods-resources.sh\"\n";
			showEnvVarsInLog = 0;
		};
/* End PBXShellScriptBuildPhase section */

/* Begin PBXSourcesBuildPhase section */
		9C9F20851ADB2CFB00A0A61E /* Sources */ = {
			isa = PBXSourcesBuildPhase;
			buildActionMask = 2147483647;
			files = (
				9C3CF8B51ADF37E700E69E72 /* ARFBooksViewController+SearchBar.m in Sources */,
				9CCA04AF1ADD8E200076DFEA /* ARFBooksViewController+Notifications.m in Sources */,
				9C8A5C851AE06E460047ED54 /* CLLocationManager+Manager.m in Sources */,
				9C550B601AED4636000BEDBF /* ARFPdfViewController.m in Sources */,
				9C9F20DD1ADB51DC00A0A61E /* ARFAnnotation.m in Sources */,
				9C3CF8BC1ADF583100E69E72 /* ARFBooksViewController+SearchResults.m in Sources */,
				9C2F0A841B87CD2100C5D66A /* _ARFBookTag.m in Sources */,
				9C8A5C8D1AE0BFEB0047ED54 /* UIImage+Resize.m in Sources */,
				9C9F20CF1ADB518A00A0A61E /* _ARFBook.m in Sources */,
				9C9F20E91ADB51E800A0A61E /* ARFPdf.m in Sources */,
				9C9F20D21ADB518A00A0A61E /* _ARFPhoto.m in Sources */,
				9CCA04B31ADD9DED0076DFEA /* ARFBooksViewController+TableView.m in Sources */,
				9C4B5AA81AE9EF59000001B7 /* NSString+Category.m in Sources */,
				9C9F20EB1ADB51E800A0A61E /* ARFTag.m in Sources */,
				9C8A5C8C1AE0BFEB0047ED54 /* UIImage+Alpha.m in Sources */,
				9C4B5AA01AE9391D000001B7 /* ARFCoreDataUtils.m in Sources */,
				9C9F20921ADB2CFB00A0A61E /* AppDelegate.m in Sources */,
				9C9F20EA1ADB51E800A0A61E /* ARFPhoto.m in Sources */,
				9CB9D8421AED8A2000CCD0D3 /* ARFAnnotationViewCell.m in Sources */,
				9C8A5C801AE061090047ED54 /* ARFCreateAnnotationViewController.m in Sources */,
				9C8813781ADB725600AFFD15 /* ARFBaseFetchedResultsController.m in Sources */,
				9CB9D8471AED8A9A00CCD0D3 /* AGTCoreDataCollectionViewController.m in Sources */,
				9C895DAA1ADCC98100C0D0EC /* ARFPredicates.m in Sources */,
				9C9F20D31ADB518A00A0A61E /* _ARFTag.m in Sources */,
				9C9F20DF1ADB51DC00A0A61E /* ARFBook.m in Sources */,
				9C8813741ADB613800AFFD15 /* ARFBookParser.m in Sources */,
				9CB9D8411AED8A2000CCD0D3 /* ARFAnnotationsViewController.m in Sources */,
				9C32EA211ADB74E40004F011 /* ARFBookCell.m in Sources */,
				9C8813701ADB5F9500AFFD15 /* ARFBookApiClient.m in Sources */,
				9C9F20BE1ADB4C0500A0A61E /* Model.xcdatamodeld in Sources */,
				9C4B5AA41AE9E5AD000001B7 /* ARFInitialScreen.m in Sources */,
				9C2323201ADEEDB500C763F4 /* ARFSearchResultsViewController.m in Sources */,
				9C9F20D11ADB518A00A0A61E /* _ARFPdf.m in Sources */,
				9C4B5A9A1AE9346F000001B7 /* AGTCoreDataStack.m in Sources */,
				9C9F208F1ADB2CFB00A0A61E /* main.m in Sources */,
				9C9F20E81ADB51E800A0A61E /* ARFLocation.m in Sources */,
				9C9F20CE1ADB518A00A0A61E /* _ARFAuthor.m in Sources */,
				9C88137E1ADB738000AFFD15 /* ARFBooksViewController.m in Sources */,
				9C895DA51ADCC3FC00C0D0EC /* ARFBooksViewController+Utils.m in Sources */,
				9C2F0A871B87CD2900C5D66A /* ARFBookTag.m in Sources */,
				9C9F20CD1ADB518A00A0A61E /* _ARFAnnotation.m in Sources */,
				9C9F20D01ADB518A00A0A61E /* _ARFLocation.m in Sources */,
				9C8A5C8E1AE0BFEB0047ED54 /* UIImage+RoundedCorner.m in Sources */,
				9C9F20DE1ADB51DC00A0A61E /* ARFAuthor.m in Sources */,
				9C3CF8C11ADF5C1500E69E72 /* ARFSplashViewController.m in Sources */,
				9C2F0A811B879B8400C5D66A /* ARFLibrary.m in Sources */,
				9C9F20B61ADB4AB000A0A61E /* ARFKVOBaseClass.m in Sources */,
				9CCA04AA1ADD75B10076DFEA /* ARFBookViewController.m in Sources */,
			);
			runOnlyForDeploymentPostprocessing = 0;
		};
		9C9F209E1ADB2CFC00A0A61E /* Sources */ = {
			isa = PBXSourcesBuildPhase;
			buildActionMask = 2147483647;
			files = (
				9C9F20A91ADB2CFC00A0A61E /* HackerBooksAvanzadoTests.m in Sources */,
			);
			runOnlyForDeploymentPostprocessing = 0;
		};
/* End PBXSourcesBuildPhase section */

/* Begin PBXTargetDependency section */
		9C9F20A41ADB2CFC00A0A61E /* PBXTargetDependency */ = {
			isa = PBXTargetDependency;
			target = 9C9F20881ADB2CFB00A0A61E /* HackerBooksAvanzado */;
			targetProxy = 9C9F20A31ADB2CFC00A0A61E /* PBXContainerItemProxy */;
		};
/* End PBXTargetDependency section */

/* Begin PBXVariantGroup section */
		9C9F209B1ADB2CFC00A0A61E /* LaunchScreen.xib */ = {
			isa = PBXVariantGroup;
			children = (
				9C9F209C1ADB2CFC00A0A61E /* Base */,
			);
			name = LaunchScreen.xib;
			sourceTree = "<group>";
		};
/* End PBXVariantGroup section */

/* Begin XCBuildConfiguration section */
		9C9F20AA1ADB2CFC00A0A61E /* Debug */ = {
			isa = XCBuildConfiguration;
			buildSettings = {
				ALWAYS_SEARCH_USER_PATHS = NO;
				CLANG_CXX_LANGUAGE_STANDARD = "gnu++0x";
				CLANG_CXX_LIBRARY = "libc++";
				CLANG_ENABLE_MODULES = YES;
				CLANG_ENABLE_OBJC_ARC = YES;
				CLANG_WARN_BOOL_CONVERSION = YES;
				CLANG_WARN_CONSTANT_CONVERSION = YES;
				CLANG_WARN_DIRECT_OBJC_ISA_USAGE = YES_ERROR;
				CLANG_WARN_EMPTY_BODY = YES;
				CLANG_WARN_ENUM_CONVERSION = YES;
				CLANG_WARN_INT_CONVERSION = YES;
				CLANG_WARN_OBJC_ROOT_CLASS = YES_ERROR;
				CLANG_WARN_UNREACHABLE_CODE = YES;
				CLANG_WARN__DUPLICATE_METHOD_MATCH = YES;
				"CODE_SIGN_IDENTITY[sdk=iphoneos*]" = "iPhone Developer";
				COPY_PHASE_STRIP = NO;
				DEBUG_INFORMATION_FORMAT = "dwarf-with-dsym";
				ENABLE_STRICT_OBJC_MSGSEND = YES;
				GCC_C_LANGUAGE_STANDARD = gnu99;
				GCC_DYNAMIC_NO_PIC = NO;
				GCC_NO_COMMON_BLOCKS = YES;
				GCC_OPTIMIZATION_LEVEL = 0;
				GCC_PREPROCESSOR_DEFINITIONS = (
					"DEBUG=1",
					"$(inherited)",
				);
				GCC_SYMBOLS_PRIVATE_EXTERN = NO;
				GCC_WARN_64_TO_32_BIT_CONVERSION = YES;
				GCC_WARN_ABOUT_RETURN_TYPE = YES_ERROR;
				GCC_WARN_UNDECLARED_SELECTOR = YES;
				GCC_WARN_UNINITIALIZED_AUTOS = YES_AGGRESSIVE;
				GCC_WARN_UNUSED_FUNCTION = YES;
				GCC_WARN_UNUSED_VARIABLE = YES;
				IPHONEOS_DEPLOYMENT_TARGET = 8.3;
				MTL_ENABLE_DEBUG_INFO = YES;
				ONLY_ACTIVE_ARCH = YES;
				SDKROOT = iphoneos;
				TARGETED_DEVICE_FAMILY = "1,2";
			};
			name = Debug;
		};
		9C9F20AB1ADB2CFC00A0A61E /* Release */ = {
			isa = XCBuildConfiguration;
			buildSettings = {
				ALWAYS_SEARCH_USER_PATHS = NO;
				CLANG_CXX_LANGUAGE_STANDARD = "gnu++0x";
				CLANG_CXX_LIBRARY = "libc++";
				CLANG_ENABLE_MODULES = YES;
				CLANG_ENABLE_OBJC_ARC = YES;
				CLANG_WARN_BOOL_CONVERSION = YES;
				CLANG_WARN_CONSTANT_CONVERSION = YES;
				CLANG_WARN_DIRECT_OBJC_ISA_USAGE = YES_ERROR;
				CLANG_WARN_EMPTY_BODY = YES;
				CLANG_WARN_ENUM_CONVERSION = YES;
				CLANG_WARN_INT_CONVERSION = YES;
				CLANG_WARN_OBJC_ROOT_CLASS = YES_ERROR;
				CLANG_WARN_UNREACHABLE_CODE = YES;
				CLANG_WARN__DUPLICATE_METHOD_MATCH = YES;
				"CODE_SIGN_IDENTITY[sdk=iphoneos*]" = "iPhone Developer";
				COPY_PHASE_STRIP = NO;
				DEBUG_INFORMATION_FORMAT = "dwarf-with-dsym";
				ENABLE_NS_ASSERTIONS = NO;
				ENABLE_STRICT_OBJC_MSGSEND = YES;
				GCC_C_LANGUAGE_STANDARD = gnu99;
				GCC_NO_COMMON_BLOCKS = YES;
				GCC_WARN_64_TO_32_BIT_CONVERSION = YES;
				GCC_WARN_ABOUT_RETURN_TYPE = YES_ERROR;
				GCC_WARN_UNDECLARED_SELECTOR = YES;
				GCC_WARN_UNINITIALIZED_AUTOS = YES_AGGRESSIVE;
				GCC_WARN_UNUSED_FUNCTION = YES;
				GCC_WARN_UNUSED_VARIABLE = YES;
				IPHONEOS_DEPLOYMENT_TARGET = 8.3;
				MTL_ENABLE_DEBUG_INFO = NO;
				SDKROOT = iphoneos;
				TARGETED_DEVICE_FAMILY = "1,2";
				VALIDATE_PRODUCT = YES;
			};
			name = Release;
		};
		9C9F20AD1ADB2CFC00A0A61E /* Debug */ = {
			isa = XCBuildConfiguration;
			baseConfigurationReference = DC74FF5E83CAC8CAA35E1CBB /* Pods.debug.xcconfig */;
			buildSettings = {
				ASSETCATALOG_COMPILER_APPICON_NAME = AppIcon;
				INFOPLIST_FILE = HackerBooksAvanzado/Info.plist;
				IPHONEOS_DEPLOYMENT_TARGET = 8.1;
				LD_RUNPATH_SEARCH_PATHS = "$(inherited) @executable_path/Frameworks";
				PRODUCT_NAME = "$(TARGET_NAME)";
			};
			name = Debug;
		};
		9C9F20AE1ADB2CFC00A0A61E /* Release */ = {
			isa = XCBuildConfiguration;
			baseConfigurationReference = 4893B99ACFB6A687BF409614 /* Pods.release.xcconfig */;
			buildSettings = {
				ASSETCATALOG_COMPILER_APPICON_NAME = AppIcon;
				INFOPLIST_FILE = HackerBooksAvanzado/Info.plist;
				IPHONEOS_DEPLOYMENT_TARGET = 8.1;
				LD_RUNPATH_SEARCH_PATHS = "$(inherited) @executable_path/Frameworks";
				PRODUCT_NAME = "$(TARGET_NAME)";
			};
			name = Release;
		};
		9C9F20B01ADB2CFC00A0A61E /* Debug */ = {
			isa = XCBuildConfiguration;
			buildSettings = {
				BUNDLE_LOADER = "$(TEST_HOST)";
				FRAMEWORK_SEARCH_PATHS = (
					"$(SDKROOT)/Developer/Library/Frameworks",
					"$(inherited)",
				);
				GCC_PREPROCESSOR_DEFINITIONS = (
					"DEBUG=1",
					"$(inherited)",
				);
				INFOPLIST_FILE = HackerBooksAvanzadoTests/Info.plist;
				LD_RUNPATH_SEARCH_PATHS = "$(inherited) @executable_path/Frameworks @loader_path/Frameworks";
				PRODUCT_NAME = "$(TARGET_NAME)";
				TEST_HOST = "$(BUILT_PRODUCTS_DIR)/HackerBooksAvanzado.app/HackerBooksAvanzado";
			};
			name = Debug;
		};
		9C9F20B11ADB2CFC00A0A61E /* Release */ = {
			isa = XCBuildConfiguration;
			buildSettings = {
				BUNDLE_LOADER = "$(TEST_HOST)";
				FRAMEWORK_SEARCH_PATHS = (
					"$(SDKROOT)/Developer/Library/Frameworks",
					"$(inherited)",
				);
				INFOPLIST_FILE = HackerBooksAvanzadoTests/Info.plist;
				LD_RUNPATH_SEARCH_PATHS = "$(inherited) @executable_path/Frameworks @loader_path/Frameworks";
				PRODUCT_NAME = "$(TARGET_NAME)";
				TEST_HOST = "$(BUILT_PRODUCTS_DIR)/HackerBooksAvanzado.app/HackerBooksAvanzado";
			};
			name = Release;
		};
/* End XCBuildConfiguration section */

/* Begin XCConfigurationList section */
		9C9F20841ADB2CFB00A0A61E /* Build configuration list for PBXProject "HackerBooksAvanzado" */ = {
			isa = XCConfigurationList;
			buildConfigurations = (
				9C9F20AA1ADB2CFC00A0A61E /* Debug */,
				9C9F20AB1ADB2CFC00A0A61E /* Release */,
			);
			defaultConfigurationIsVisible = 0;
			defaultConfigurationName = Release;
		};
		9C9F20AC1ADB2CFC00A0A61E /* Build configuration list for PBXNativeTarget "HackerBooksAvanzado" */ = {
			isa = XCConfigurationList;
			buildConfigurations = (
				9C9F20AD1ADB2CFC00A0A61E /* Debug */,
				9C9F20AE1ADB2CFC00A0A61E /* Release */,
			);
			defaultConfigurationIsVisible = 0;
			defaultConfigurationName = Release;
		};
		9C9F20AF1ADB2CFC00A0A61E /* Build configuration list for PBXNativeTarget "HackerBooksAvanzadoTests" */ = {
			isa = XCConfigurationList;
			buildConfigurations = (
				9C9F20B01ADB2CFC00A0A61E /* Debug */,
				9C9F20B11ADB2CFC00A0A61E /* Release */,
			);
			defaultConfigurationIsVisible = 0;
			defaultConfigurationName = Release;
		};
/* End XCConfigurationList section */

/* Begin XCVersionGroup section */
		9C9F20BC1ADB4C0500A0A61E /* Model.xcdatamodeld */ = {
			isa = XCVersionGroup;
			children = (
				9C9F20BD1ADB4C0500A0A61E /* Model.xcdatamodel */,
			);
			currentVersion = 9C9F20BD1ADB4C0500A0A61E /* Model.xcdatamodel */;
			path = Model.xcdatamodeld;
			sourceTree = "<group>";
			versionGroupType = wrapper.xcdatamodel;
		};
/* End XCVersionGroup section */
	};
	rootObject = 9C9F20811ADB2CFB00A0A61E /* Project object */;
}
